
Microsoft Visual Studio Solution File, Format Version 12.00
# Visual Studio Version 17
VisualStudioVersion = 17.12.35707.178
MinimumVisualStudioVersion = 10.0.40219.1
Project("{FAE04EC0-301F-11D3-BF4B-00C04F79EFBC}") = "MiniBank", "MiniBank\MiniBank.csproj", "{EC370AF4-F890-4C4F-97D8-AAC51E24FC04}"
EndProject
Project("{FAE04EC0-301F-11D3-BF4B-00C04F79EFBC}") = "InMemoryDataBase", "InMemoryDataBase\InMemoryDataBase.csproj", "{F5AABA3B-8DC4-44CF-A249-EFE661D44392}"
EndProject
Project("{2150E333-8FDC-42A3-9474-1A3956D46DE8}") = "Solution Items", "Solution Items", "{81790968-23ED-4A98-BDFF-4EF4AE47D0A0}"
EndProject
Project("{FAE04EC0-301F-11D3-BF4B-00C04F79EFBC}") = "Repository", "Repository\Repository.csproj", "{9055D28C-72CD-4E49-A857-8AEF4632C2B8}"
EndProject
Project("{FAE04EC0-301F-11D3-BF4B-00C04F79EFBC}") = "Abstractions", "Abstractions\Abstractions.csproj", "{02C5909F-CB7A-4816-8D07-3748886E98A2}"
EndProject
Project("{FAE04EC0-301F-11D3-BF4B-00C04F79EFBC}") = "ServiceCollection", "ServiceCollection\ServiceCollection.csproj", "{54DAD264-2A9A-4320-B87E-3A98799F62CD}"
EndProject
Project("{FAE04EC0-301F-11D3-BF4B-00C04F79EFBC}") = "App", "App\App.csproj", "{1021B2CA-F65D-4387-91A1-7C016E962F11}"
EndProject
Global
	GlobalSection(SolutionConfigurationPlatforms) = preSolution
		Debug|Any CPU = Debug|Any CPU
		Release|Any CPU = Release|Any CPU
	EndGlobalSection
	GlobalSection(ProjectConfigurationPlatforms) = postSolution
		{EC370AF4-F890-4C4F-97D8-AAC51E24FC04}.Debug|Any CPU.ActiveCfg = Debug|Any CPU
		{EC370AF4-F890-4C4F-97D8-AAC51E24FC04}.Debug|Any CPU.Build.0 = Debug|Any CPU
		{EC370AF4-F890-4C4F-97D8-AAC51E24FC04}.Release|Any CPU.ActiveCfg = Release|Any CPU
		{EC370AF4-F890-4C4F-97D8-AAC51E24FC04}.Release|Any CPU.Build.0 = Release|Any CPU
		{F5AABA3B-8DC4-44CF-A249-EFE661D44392}.Debug|Any CPU.ActiveCfg = Debug|Any CPU
		{F5AABA3B-8DC4-44CF-A249-EFE661D44392}.Debug|Any CPU.Build.0 = Debug|Any CPU
		{F5AABA3B-8DC4-44CF-A249-EFE661D44392}.Release|Any CPU.ActiveCfg = Release|Any CPU
		{F5AABA3B-8DC4-44CF-A249-EFE661D44392}.Release|Any CPU.Build.0 = Release|Any CPU
		{9055D28C-72CD-4E49-A857-8AEF4632C2B8}.Debug|Any CPU.ActiveCfg = Debug|Any CPU
		{9055D28C-72CD-4E49-A857-8AEF4632C2B8}.Debug|Any CPU.Build.0 = Debug|Any CPU
		{9055D28C-72CD-4E49-A857-8AEF4632C2B8}.Release|Any CPU.ActiveCfg = Release|Any CPU
		{9055D28C-72CD-4E49-A857-8AEF4632C2B8}.Release|Any CPU.Build.0 = Release|Any CPU
		{02C5909F-CB7A-4816-8D07-3748886E98A2}.Debug|Any CPU.ActiveCfg = Debug|Any CPU
		{02C5909F-CB7A-4816-8D07-3748886E98A2}.Debug|Any CPU.Build.0 = Debug|Any CPU
		{02C5909F-CB7A-4816-8D07-3748886E98A2}.Release|Any CPU.ActiveCfg = Release|Any CPU
		{02C5909F-CB7A-4816-8D07-3748886E98A2}.Release|Any CPU.Build.0 = Release|Any CPU
		{54DAD264-2A9A-4320-B87E-3A98799F62CD}.Debug|Any CPU.ActiveCfg = Debug|Any CPU
		{54DAD264-2A9A-4320-B87E-3A98799F62CD}.Debug|Any CPU.Build.0 = Debug|Any CPU
		{54DAD264-2A9A-4320-B87E-3A98799F62CD}.Release|Any CPU.ActiveCfg = Release|Any CPU
		{54DAD264-2A9A-4320-B87E-3A98799F62CD}.Release|Any CPU.Build.0 = Release|Any CPU
		{1021B2CA-F65D-4387-91A1-7C016E962F11}.Debug|Any CPU.ActiveCfg = Debug|Any CPU
		{1021B2CA-F65D-4387-91A1-7C016E962F11}.Debug|Any CPU.Build.0 = Debug|Any CPU
		{1021B2CA-F65D-4387-91A1-7C016E962F11}.Release|Any CPU.ActiveCfg = Release|Any CPU
		{1021B2CA-F65D-4387-91A1-7C016E962F11}.Release|Any CPU.Build.0 = Release|Any CPU
	EndGlobalSection
	GlobalSection(SolutionProperties) = preSolution
		HideSolutionNode = FALSE
	EndGlobalSection
EndGlobal
